# This file is automatically @generated by Cargo.
# It is not intended for manual editing.
version = 4

[[package]]
name = "bitflags"
version = "2.9.3"
source = "registry+https://github.com/rust-lang/crates.io-index"
checksum = "34efbcccd345379ca2868b2b2c9d3782e9cc58ba87bc7d79d5b53d9c9ae6f25d"

[[package]]
name = "lazy_static"
version = "1.5.0"
source = "registry+https://github.com/rust-lang/crates.io-index"
checksum = "bbd2bcb4c963f2ddae06a2efc7e9f3591312473c50c6685e1f298068316e66fe"

[[package]]
name = "libc"
version = "0.2.175"
source = "registry+https://github.com/rust-lang/crates.io-index"
checksum = "6a82ae493e598baaea5209805c49bbf2ea7de956d50d7da0da1164f9c6d28543"

[[package]]
name = "sdl3"
version = "0.14.41"
source = "registry+https://github.com/rust-lang/crates.io-index"
checksum = "0a99b2afb918ecbbda07d4b742bc4b52ea3985a0b24740593d5a3109211c63db"
dependencies = [
 "bitflags",
 "lazy_static",
 "libc",
 "sdl3-sys",
 "sdl3-ttf-sys",
]

[[package]]
name = "sdl3-sys"
version = "0.5.4+SDL3-3.2.20"
source = "registry+https://github.com/rust-lang/crates.io-index"
checksum = "5c4f7f348dea346f67f38bc1392bf1edd9250d4c586479778e849f6ee61af2d8"

[[package]]
name = "sdl3-ttf-sys"
version = "0.2.0+SDL3-ttf-3.2.2"
source = "registry+https://github.com/rust-lang/crates.io-index"
checksum = "1d1d8477496fa2b081fb8f63cf8d0a9a9ba6a7a8f2a21b87e7d13d2ab6d73582"
dependencies = [
 "sdl3-sys",
]

[[package]]
name = "sdl3_test"
version = "0.1.0"
dependencies = [
 "sdl3",
]
